
Microsoft Visual Studio Solution File, Format Version 12.00
# Visual Studio Version 17
VisualStudioVersion = 17.9.34902.65
MinimumVisualStudioVersion = 10.0.40219.1
Project("{FAE04EC0-301F-11D3-BF4B-00C04F79EFBC}") = "ConsoleApp1", "ConsoleApp1.csproj", "{3F9CFC50-3C6A-4697-999F-61FA62E0E7D6}"
EndProject
Project("{FAE04EC0-301F-11D3-BF4B-00C04F79EFBC}") = "ConsoleApp2", "..\ConsoleApp2\ConsoleApp2.csproj", "{99F761A1-DAFC-4DC5-80F9-79ED1ACA7F84}"
EndProject
Project("{FAE04EC0-301F-11D3-BF4B-00C04F79EFBC}") = "ConsoleApp3", "..\ConsoleApp3\ConsoleApp3.csproj", "{65F95D20-6995-4954-BD37-992B9B4FE9A2}"
EndProject
Project("{FAE04EC0-301F-11D3-BF4B-00C04F79EFBC}") = "ConsoleApp4", "..\ConsoleApp4\ConsoleApp4.csproj", "{6B5F03F2-93F9-4B8A-A84B-8DB8E5DD246A}"
EndProject
Project("{FAE04EC0-301F-11D3-BF4B-00C04F79EFBC}") = "ConsoleApp5", "..\ConsoleApp5\ConsoleApp5.csproj", "{0E688FC8-A059-4AEE-97DF-7D8BE9801D2A}"
EndProject
Project("{FAE04EC0-301F-11D3-BF4B-00C04F79EFBC}") = "ConsoleApp6", "..\ConsoleApp6\ConsoleApp6.csproj", "{4CD6E233-AFE4-4544-A91C-8088B18BE69D}"
EndProject
Project("{FAE04EC0-301F-11D3-BF4B-00C04F79EFBC}") = "ConsoleApp7", "..\ConsoleApp7\ConsoleApp7.csproj", "{5AB62157-F5D0-4F80-8141-92F43225FCF4}"
EndProject
Project("{FAE04EC0-301F-11D3-BF4B-00C04F79EFBC}") = "ConsoleApp8", "..\ConsoleApp8\ConsoleApp8.csproj", "{5ED92921-425C-4F31-9AED-073DFD360430}"
EndProject
Project("{FAE04EC0-301F-11D3-BF4B-00C04F79EFBC}") = "ConsoleApp9", "..\ConsoleApp9\ConsoleApp9.csproj", "{CFA238D3-9D42-4CC0-A034-E9E1AAF8DD90}"
EndProject
Project("{FAE04EC0-301F-11D3-BF4B-00C04F79EFBC}") = "ConsoleApp10", "..\ConsoleApp10\ConsoleApp10.csproj", "{1C91CC4E-B791-4E4C-9EF9-723844AD2188}"
EndProject
Global
	GlobalSection(SolutionConfigurationPlatforms) = preSolution
		Debug|Any CPU = Debug|Any CPU
		Release|Any CPU = Release|Any CPU
	EndGlobalSection
	GlobalSection(ProjectConfigurationPlatforms) = postSolution
		{3F9CFC50-3C6A-4697-999F-61FA62E0E7D6}.Debug|Any CPU.ActiveCfg = Debug|Any CPU
		{3F9CFC50-3C6A-4697-999F-61FA62E0E7D6}.Debug|Any CPU.Build.0 = Debug|Any CPU
		{3F9CFC50-3C6A-4697-999F-61FA62E0E7D6}.Release|Any CPU.ActiveCfg = Release|Any CPU
		{3F9CFC50-3C6A-4697-999F-61FA62E0E7D6}.Release|Any CPU.Build.0 = Release|Any CPU
		{99F761A1-DAFC-4DC5-80F9-79ED1ACA7F84}.Debug|Any CPU.ActiveCfg = Debug|Any CPU
		{99F761A1-DAFC-4DC5-80F9-79ED1ACA7F84}.Debug|Any CPU.Build.0 = Debug|Any CPU
		{99F761A1-DAFC-4DC5-80F9-79ED1ACA7F84}.Release|Any CPU.ActiveCfg = Release|Any CPU
		{99F761A1-DAFC-4DC5-80F9-79ED1ACA7F84}.Release|Any CPU.Build.0 = Release|Any CPU
		{65F95D20-6995-4954-BD37-992B9B4FE9A2}.Debug|Any CPU.ActiveCfg = Debug|Any CPU
		{65F95D20-6995-4954-BD37-992B9B4FE9A2}.Debug|Any CPU.Build.0 = Debug|Any CPU
		{65F95D20-6995-4954-BD37-992B9B4FE9A2}.Release|Any CPU.ActiveCfg = Release|Any CPU
		{65F95D20-6995-4954-BD37-992B9B4FE9A2}.Release|Any CPU.Build.0 = Release|Any CPU
		{6B5F03F2-93F9-4B8A-A84B-8DB8E5DD246A}.Debug|Any CPU.ActiveCfg = Debug|Any CPU
		{6B5F03F2-93F9-4B8A-A84B-8DB8E5DD246A}.Debug|Any CPU.Build.0 = Debug|Any CPU
		{6B5F03F2-93F9-4B8A-A84B-8DB8E5DD246A}.Release|Any CPU.ActiveCfg = Release|Any CPU
		{6B5F03F2-93F9-4B8A-A84B-8DB8E5DD246A}.Release|Any CPU.Build.0 = Release|Any CPU
		{0E688FC8-A059-4AEE-97DF-7D8BE9801D2A}.Debug|Any CPU.ActiveCfg = Debug|Any CPU
		{0E688FC8-A059-4AEE-97DF-7D8BE9801D2A}.Debug|Any CPU.Build.0 = Debug|Any CPU
		{0E688FC8-A059-4AEE-97DF-7D8BE9801D2A}.Release|Any CPU.ActiveCfg = Release|Any CPU
		{0E688FC8-A059-4AEE-97DF-7D8BE9801D2A}.Release|Any CPU.Build.0 = Release|Any CPU
		{4CD6E233-AFE4-4544-A91C-8088B18BE69D}.Debug|Any CPU.ActiveCfg = Debug|Any CPU
		{4CD6E233-AFE4-4544-A91C-8088B18BE69D}.Debug|Any CPU.Build.0 = Debug|Any CPU
		{4CD6E233-AFE4-4544-A91C-8088B18BE69D}.Release|Any CPU.ActiveCfg = Release|Any CPU
		{4CD6E233-AFE4-4544-A91C-8088B18BE69D}.Release|Any CPU.Build.0 = Release|Any CPU
		{5AB62157-F5D0-4F80-8141-92F43225FCF4}.Debug|Any CPU.ActiveCfg = Debug|Any CPU
		{5AB62157-F5D0-4F80-8141-92F43225FCF4}.Debug|Any CPU.Build.0 = Debug|Any CPU
		{5AB62157-F5D0-4F80-8141-92F43225FCF4}.Release|Any CPU.ActiveCfg = Release|Any CPU
		{5AB62157-F5D0-4F80-8141-92F43225FCF4}.Release|Any CPU.Build.0 = Release|Any CPU
		{5ED92921-425C-4F31-9AED-073DFD360430}.Debug|Any CPU.ActiveCfg = Debug|Any CPU
		{5ED92921-425C-4F31-9AED-073DFD360430}.Debug|Any CPU.Build.0 = Debug|Any CPU
		{5ED92921-425C-4F31-9AED-073DFD360430}.Release|Any CPU.ActiveCfg = Release|Any CPU
		{5ED92921-425C-4F31-9AED-073DFD360430}.Release|Any CPU.Build.0 = Release|Any CPU
		{CFA238D3-9D42-4CC0-A034-E9E1AAF8DD90}.Debug|Any CPU.ActiveCfg = Debug|Any CPU
		{CFA238D3-9D42-4CC0-A034-E9E1AAF8DD90}.Debug|Any CPU.Build.0 = Debug|Any CPU
		{CFA238D3-9D42-4CC0-A034-E9E1AAF8DD90}.Release|Any CPU.ActiveCfg = Release|Any CPU
		{CFA238D3-9D42-4CC0-A034-E9E1AAF8DD90}.Release|Any CPU.Build.0 = Release|Any CPU
		{1C91CC4E-B791-4E4C-9EF9-723844AD2188}.Debug|Any CPU.ActiveCfg = Debug|Any CPU
		{1C91CC4E-B791-4E4C-9EF9-723844AD2188}.Debug|Any CPU.Build.0 = Debug|Any CPU
		{1C91CC4E-B791-4E4C-9EF9-723844AD2188}.Release|Any CPU.ActiveCfg = Release|Any CPU
		{1C91CC4E-B791-4E4C-9EF9-723844AD2188}.Release|Any CPU.Build.0 = Release|Any CPU
	EndGlobalSection
	GlobalSection(SolutionProperties) = preSolution
		HideSolutionNode = FALSE
	EndGlobalSection
	GlobalSection(ExtensibilityGlobals) = postSolution
		SolutionGuid = {5073389C-BBD0-491D-A45F-45CF8C141500}
	EndGlobalSection
EndGlobal
